PODS:
  - MobileCenter (0.6.1):
    - MobileCenter/MobileCenterAnalytics (= 0.6.1)
    - MobileCenter/MobileCenterCrashes (= 0.6.1)
    - MobileCenter/MobileCenterDistribute (= 0.6.1)
  - MobileCenter/MobileCenter (0.6.1)
  - MobileCenter/MobileCenterAnalytics (0.6.1):
    - MobileCenter/MobileCenter
  - MobileCenter/MobileCenterCrashes (0.6.1):
    - MobileCenter/MobileCenter
  - MobileCenter/MobileCenterDistribute (0.6.1):
    - MobileCenter/MobileCenter

DEPENDENCIES:
  - MobileCenter
  - MobileCenter/MobileCenterAnalytics
  - MobileCenter/MobileCenterCrashes
  - MobileCenter/MobileCenterDistribute

SPEC CHECKSUMS:
  MobileCenter: a0c2ac2ab187d485ffab42463638dbb7606c4019

PODFILE CHECKSUM: ecc61bea7c48cd7fa64d5ca9b6efa3f6d8493c57

COCOAPODS: 1.2.1
